
Microsoft Visual Studio Solution File, Format Version 12.00
# Visual Studio Version 16
VisualStudioVersion = 16.0.30907.101
MinimumVisualStudioVersion = 10.0.40219.1
Project("{FAE04EC0-301F-11D3-BF4B-00C04F79EFBC}") = "Romanesco", "Romanesco.csproj", "{FCACA955-9A40-43A0-A452-E1591326847B}"
EndProject
Global
	GlobalSection(SolutionConfigurationPlatforms) = preSolution
		Debug|Any CPU = Debug|Any CPU
		Release|Any CPU = Release|Any CPU
	EndGlobalSection
	GlobalSection(ProjectConfigurationPlatforms) = postSolution
		{FCACA955-9A40-43A0-A452-E1591326847B}.Debug|Any CPU.ActiveCfg = Debug|Any CPU
		{FCACA955-9A40-43A0-A452-E1591326847B}.Debug|Any CPU.Build.0 = Debug|Any CPU
		{FCACA955-9A40-43A0-A452-E1591326847B}.Release|Any CPU.ActiveCfg = Release|Any CPU
		{FCACA955-9A40-43A0-A452-E1591326847B}.Release|Any CPU.Build.0 = Release|Any CPU
	EndGlobalSection
	GlobalSection(SolutionProperties) = preSolution
		HideSolutionNode = FALSE
	EndGlobalSection
	GlobalSection(ExtensibilityGlobals) = postSolution
		SolutionGuid = {DAC061C4-B7DC-44DC-A199-1E3243758A7F}
	EndGlobalSection
EndGlobal
